// !$*UTF8*$!
{
	archiveVersion = 1;
	classes = {
	};
	objectVersion = 46;
	objects = {

/* Begin PBXBuildFile section */
		51F3E2C315E51D0E008441E3 /* UIKit.framework in Frameworks */ = {isa = PBXBuildFile; fileRef = 51F3E2C215E51D0E008441E3 /* UIKit.framework */; };
		51F3E2C515E51D0E008441E3 /* Foundation.framework in Frameworks */ = {isa = PBXBuildFile; fileRef = 51F3E2C415E51D0E008441E3 /* Foundation.framework */; };
		51F3E2C715E51D0E008441E3 /* CoreGraphics.framework in Frameworks */ = {isa = PBXBuildFile; fileRef = 51F3E2C615E51D0E008441E3 /* CoreGraphics.framework */; };
		51F3E2CD15E51D0E008441E3 /* InfoPlist.strings in Resources */ = {isa = PBXBuildFile; fileRef = 51F3E2CB15E51D0E008441E3 /* InfoPlist.strings */; };
		51F3E2CF15E51D0E008441E3 /* main.m in Sources */ = {isa = PBXBuildFile; fileRef = 51F3E2CE15E51D0E008441E3 /* main.m */; };
		51F3E2D315E51D0E008441E3 /* BullsEyeAppDelegate.m in Sources */ = {isa = PBXBuildFile; fileRef = 51F3E2D215E51D0E008441E3 /* BullsEyeAppDelegate.m */; };
		51F3E2D615E51D0E008441E3 /* BullsEyeViewController.m in Sources */ = {isa = PBXBuildFile; fileRef = 51F3E2D515E51D0E008441E3 /* BullsEyeViewController.m */; };
		51F3E2D915E51D0E008441E3 /* BullsEyeViewController.xib in Resources */ = {isa = PBXBuildFile; fileRef = 51F3E2D715E51D0E008441E3 /* BullsEyeViewController.xib */; };
/* End PBXBuildFile section */

/* Begin PBXFileReference section */
		51F3E2BE15E51D0E008441E3 /* BullsEye.app */ = {isa = PBXFileReference; explicitFileType = wrapper.application; includeInIndex = 0; path = BullsEye.app; sourceTree = BUILT_PRODUCTS_DIR; };
		51F3E2C215E51D0E008441E3 /* UIKit.framework */ = {isa = PBXFileReference; lastKnownFileType = wrapper.framework; name = UIKit.framework; path = System/Library/Frameworks/UIKit.framework; sourceTree = SDKROOT; };
		51F3E2C415E51D0E008441E3 /* Foundation.framework */ = {isa = PBXFileReference; lastKnownFileType = wrapper.framework; name = Foundation.framework; path = System/Library/Frameworks/Foundation.framework; sourceTree = SDKROOT; };
		51F3E2C615E51D0E008441E3 /* CoreGraphics.framework */ = {isa = PBXFileReference; lastKnownFileType = wrapper.framework; name = CoreGraphics.framework; path = System/Library/Frameworks/CoreGraphics.framework; sourceTree = SDKROOT; };
		51F3E2CA15E51D0E008441E3 /* BullsEye-Info.plist */ = {isa = PBXFileReference; lastKnownFileType = text.plist.xml; path = "BullsEye-Info.plist"; sourceTree = "<group>"; };
		51F3E2CC15E51D0E008441E3 /* en */ = {isa = PBXFileReference; lastKnownFileType = text.plist.strings; name = en; path = en.lproj/InfoPlist.strings; sourceTree = "<group>"; };
		51F3E2CE15E51D0E008441E3 /* main.m */ = {isa = PBXFileReference; lastKnownFileType = sourcecode.c.objc; path = main.m; sourceTree = "<group>"; };
		51F3E2D015E51D0E008441E3 /* BullsEye-Prefix.pch */ = {isa = PBXFileReference; lastKnownFileType = sourcecode.c.h; path = "BullsEye-Prefix.pch"; sourceTree = "<group>"; };
		51F3E2D115E51D0E008441E3 /* BullsEyeAppDelegate.h */ = {isa = PBXFileReference; lastKnownFileType = sourcecode.c.h; path = BullsEyeAppDelegate.h; sourceTree = "<group>"; };
		51F3E2D215E51D0E008441E3 /* BullsEyeAppDelegate.m */ = {isa = PBXFileReference; lastKnownFileType = sourcecode.c.objc; path = BullsEyeAppDelegate.m; sourceTree = "<group>"; };
		51F3E2D415E51D0E008441E3 /* BullsEyeViewController.h */ = {isa = PBXFileReference; lastKnownFileType = sourcecode.c.h; path = BullsEyeViewController.h; sourceTree = "<group>"; };
		51F3E2D515E51D0E008441E3 /* BullsEyeViewController.m */ = {isa = PBXFileReference; lastKnownFileType = sourcecode.c.objc; path = BullsEyeViewController.m; sourceTree = "<group>"; };
		51F3E2D815E51D0E008441E3 /* en */ = {isa = PBXFileReference; lastKnownFileType = file.xib; name = en; path = en.lproj/BullsEyeViewController.xib; sourceTree = "<group>"; };
/* End PBXFileReference section */

/* Begin PBXFrameworksBuildPhase section */
		51F3E2BB15E51D0E008441E3 /* Frameworks */ = {
			isa = PBXFrameworksBuildPhase;
			buildActionMask = 2147483647;
			files = (
				51F3E2C315E51D0E008441E3 /* UIKit.framework in Frameworks */,
				51F3E2C515E51D0E008441E3 /* Foundation.framework in Frameworks */,
				51F3E2C715E51D0E008441E3 /* CoreGraphics.framework in Frameworks */,
			);
			runOnlyForDeploymentPostprocessing = 0;
		};
/* End PBXFrameworksBuildPhase section */

/* Begin PBXGroup section */
		51F3E2B315E51D0E008441E3 = {
			isa = PBXGroup;
			children = (
				51F3E2C815E51D0E008441E3 /* BullsEye */,
				51F3E2C115E51D0E008441E3 /* Frameworks */,
				51F3E2BF15E51D0E008441E3 /* Products */,
			);
			sourceTree = "<group>";
		};
		51F3E2BF15E51D0E008441E3 /* Products */ = {
			isa = PBXGroup;
			children = (
				51F3E2BE15E51D0E008441E3 /* BullsEye.app */,
			);
			name = Products;
			sourceTree = "<group>";
		};
		51F3E2C115E51D0E008441E3 /* Frameworks */ = {
			isa = PBXGroup;
			children = (
				51F3E2C215E51D0E008441E3 /* UIKit.framework */,
				51F3E2C415E51D0E008441E3 /* Foundation.framework */,
				51F3E2C615E51D0E008441E3 /* CoreGraphics.framework */,
			);
			name = Frameworks;
			sourceTree = "<group>";
		};
		51F3E2C815E51D0E008441E3 /* BullsEye */ = {
			isa = PBXGroup;
			children = (
				51F3E2D115E51D0E008441E3 /* BullsEyeAppDelegate.h */,
				51F3E2D215E51D0E008441E3 /* BullsEyeAppDelegate.m */,
				51F3E2D415E51D0E008441E3 /* BullsEyeViewController.h */,
				51F3E2D515E51D0E008441E3 /* BullsEyeViewController.m */,
				51F3E2D715E51D0E008441E3 /* BullsEyeViewController.xib */,
				51F3E2C915E51D0E008441E3 /* Supporting Files */,
			);
			path = BullsEye;
			sourceTree = "<group>";
		};
		51F3E2C915E51D0E008441E3 /* Supporting Files */ = {
			isa = PBXGroup;
			children = (
				51F3E2CA15E51D0E008441E3 /* BullsEye-Info.plist */,
				51F3E2CB15E51D0E008441E3 /* InfoPlist.strings */,
				51F3E2CE15E51D0E008441E3 /* main.m */,
				51F3E2D015E51D0E008441E3 /* BullsEye-Prefix.pch */,
			);
			name = "Supporting Files";
			sourceTree = "<group>";
		};
/* End PBXGroup section */

/* Begin PBXNativeTarget section */
		51F3E2BD15E51D0E008441E3 /* BullsEye */ = {
			isa = PBXNativeTarget;
			buildConfigurationList = 51F3E2DC15E51D0E008441E3 /* Build configuration list for PBXNativeTarget "BullsEye" */;
			buildPhases = (
				51F3E2BA15E51D0E008441E3 /* Sources */,
				51F3E2BB15E51D0E008441E3 /* Frameworks */,
				51F3E2BC15E51D0E008441E3 /* Resources */,
			);
			buildRules = (
			);
			dependencies = (
			);
			name = BullsEye;
			productName = BullsEye;
			productReference = 51F3E2BE15E51D0E008441E3 /* BullsEye.app */;
			productType = "com.apple.product-type.application";
		};
/* End PBXNativeTarget section */

/* Begin PBXProject section */
		51F3E2B515E51D0E008441E3 /* Project object */ = {
			isa = PBXProject;
			attributes = {
				CLASSPREFIX = BullsEye;
				LastUpgradeCheck = 0430;
				ORGANIZATIONNAME = "Cardinal Solutions";
			};
			buildConfigurationList = 51F3E2B815E51D0E008441E3 /* Build configuration list for PBXProject "BullsEye" */;
			compatibilityVersion = "Xcode 3.2";
			developmentRegion = English;
			hasScannedForEncodings = 0;
			knownRegions = (
				en,
			);
			mainGroup = 51F3E2B315E51D0E008441E3;
			productRefGroup = 51F3E2BF15E51D0E008441E3 /* Products */;
			projectDirPath = "";
			projectRoot = "";
			targets = (
				51F3E2BD15E51D0E008441E3 /* BullsEye */,
			);
		};
/* End PBXProject section */

/* Begin PBXResourcesBuildPhase section */
		51F3E2BC15E51D0E008441E3 /* Resources */ = {
			isa = PBXResourcesBuildPhase;
			buildActionMask = 2147483647;
			files = (
				51F3E2CD15E51D0E008441E3 /* InfoPlist.strings in Resources */,
				51F3E2D915E51D0E008441E3 /* BullsEyeViewController.xib in Resources */,
			);
			runOnlyForDeploymentPostprocessing = 0;
		};
/* End PBXResourcesBuildPhase section */

/* Begin PBXSourcesBuildPhase section */
		51F3E2BA15E51D0E008441E3 /* Sources */ = {
			isa = PBXSourcesBuildPhase;
			buildActionMask = 2147483647;
			files = (
				51F3E2CF15E51D0E008441E3 /* main.m in Sources */,
				51F3E2D315E51D0E008441E3 /* BullsEyeAppDelegate.m in Sources */,
				51F3E2D615E51D0E008441E3 /* BullsEyeViewController.m in Sources */,
			);
			runOnlyForDeploymentPostprocessing = 0;
		};
/* End PBXSourcesBuildPhase section */

/* Begin PBXVariantGroup section */
		51F3E2CB15E51D0E008441E3 /* InfoPlist.strings */ = {
			isa = PBXVariantGroup;
			children = (
				51F3E2CC15E51D0E008441E3 /* en */,
			);
			name = InfoPlist.strings;
			sourceTree = "<group>";
		};
		51F3E2D715E51D0E008441E3 /* BullsEyeViewController.xib */ = {
			isa = PBXVariantGroup;
			children = (
				51F3E2D815E51D0E008441E3 /* en */,
			);
			name = BullsEyeViewController.xib;
			sourceTree = "<group>";
		};
/* End PBXVariantGroup section */

/* Begin XCBuildConfiguration section */
		51F3E2DA15E51D0E008441E3 /* Debug */ = {
			isa = XCBuildConfiguration;
			buildSettings = {
				ALWAYS_SEARCH_USER_PATHS = NO;
				ARCHS = "$(ARCHS_STANDARD_32_BIT)";
				CLANG_ENABLE_OBJC_ARC = YES;
				"CODE_SIGN_IDENTITY[sdk=iphoneos*]" = "iPhone Developer";
				COPY_PHASE_STRIP = NO;
				GCC_C_LANGUAGE_STANDARD = gnu99;
				GCC_DYNAMIC_NO_PIC = NO;
				GCC_OPTIMIZATION_LEVEL = 0;
				GCC_PREPROCESSOR_DEFINITIONS = (
					"DEBUG=1",
					"$(inherited)",
				);
				GCC_SYMBOLS_PRIVATE_EXTERN = NO;
				GCC_VERSION = com.apple.compilers.llvm.clang.1_0;
				GCC_WARN_ABOUT_RETURN_TYPE = YES;
				GCC_WARN_UNINITIALIZED_AUTOS = YES;
				GCC_WARN_UNUSED_VARIABLE = YES;
				IPHONEOS_DEPLOYMENT_TARGET = 5.1;
				SDKROOT = iphoneos;
			};
			name = Debug;
		};
		51F3E2DB15E51D0E008441E3 /* Release */ = {
			isa = XCBuildConfiguration;
			buildSettings = {
				ALWAYS_SEARCH_USER_PATHS = NO;
				ARCHS = "$(ARCHS_STANDARD_32_BIT)";
				CLANG_ENABLE_OBJC_ARC = YES;
				"CODE_SIGN_IDENTITY[sdk=iphoneos*]" = "iPhone Developer";
				COPY_PHASE_STRIP = YES;
				GCC_C_LANGUAGE_STANDARD = gnu99;
				GCC_VERSION = com.apple.compilers.llvm.clang.1_0;
				GCC_WARN_ABOUT_RETURN_TYPE = YES;
				GCC_WARN_UNINITIALIZED_AUTOS = YES;
				GCC_WARN_UNUSED_VARIABLE = YES;
				IPHONEOS_DEPLOYMENT_TARGET = 5.1;
				OTHER_CFLAGS = "-DNS_BLOCK_ASSERTIONS=1";
				SDKROOT = iphoneos;
				VALIDATE_PRODUCT = YES;
			};
			name = Release;
		};
		51F3E2DD15E51D0E008441E3 /* Debug */ = {
			isa = XCBuildConfiguration;
			buildSettings = {
				GCC_PRECOMPILE_PREFIX_HEADER = YES;
				GCC_PREFIX_HEADER = "BullsEye/BullsEye-Prefix.pch";
				INFOPLIST_FILE = "BullsEye/BullsEye-Info.plist";
				PRODUCT_NAME = "$(TARGET_NAME)";
				WRAPPER_EXTENSION = app;
			};
			name = Debug;
		};
		51F3E2DE15E51D0E008441E3 /* Release */ = {
			isa = XCBuildConfiguration;
			buildSettings = {
				GCC_PRECOMPILE_PREFIX_HEADER = YES;
				GCC_PREFIX_HEADER = "BullsEye/BullsEye-Prefix.pch";
				INFOPLIST_FILE = "BullsEye/BullsEye-Info.plist";
				PRODUCT_NAME = "$(TARGET_NAME)";
				WRAPPER_EXTENSION = app;
			};
			name = Release;
		};
/* End XCBuildConfiguration section */

/* Begin XCConfigurationList section */
		51F3E2B815E51D0E008441E3 /* Build configuration list for PBXProject "BullsEye" */ = {
			isa = XCConfigurationList;
			buildConfigurations = (
				51F3E2DA15E51D0E008441E3 /* Debug */,
				51F3E2DB15E51D0E008441E3 /* Release */,
			);
			defaultConfigurationIsVisible = 0;
			defaultConfigurationName = Release;
		};
		51F3E2DC15E51D0E008441E3 /* Build configuration list for PBXNativeTarget "BullsEye" */ = {
			isa = XCConfigurationList;
			buildConfigurations = (
				51F3E2DD15E51D0E008441E3 /* Debug */,
				51F3E2DE15E51D0E008441E3 /* Release */,
			);
			defaultConfigurationIsVisible = 0;
		};
/* End XCConfigurationList section */
	};
	rootObject = 51F3E2B515E51D0E008441E3 /* Project object */;
}
